{
  "version": 4,
  "terraform_version": "1.1.5",
  "serial": 37,
  "lineage": "af77f1ba-8fd4-816b-e043-65a316b1f39e",
  "outputs": {},
  "resources": [
    {
      "module": "module.autoscaling_module",
      "mode": "managed",
      "type": "aws_autoscaling_group",
      "name": "sampleApp_asg",
      "provider": "provider[\"registry.terraform.io/hashicorp/aws\"]",
      "instances": [
        {
          "schema_version": 0,
          "attributes": {
            "arn": "arn:aws:autoscaling:eu-west-2:733971523228:autoScalingGroup:47e87602-1471-4270-9a31-286a23333a89:autoScalingGroupName/sampleApp_asg_staging",
            "availability_zones": [
              "eu-west-2a"
            ],
            "capacity_rebalance": false,
            "default_cooldown": 300,
            "desired_capacity": 1,
            "enabled_metrics": [],
            "force_delete": false,
            "force_delete_warm_pool": false,
            "health_check_grace_period": 300,
            "health_check_type": "EC2",
            "id": "sampleApp_asg_staging",
            "initial_lifecycle_hook": [],
            "instance_refresh": [],
            "launch_configuration": "sample_lc_staging",
            "launch_template": [],
            "load_balancers": [],
            "max_instance_lifetime": 0,
            "max_size": 2,
            "metrics_granularity": "1Minute",
            "min_elb_capacity": null,
            "min_size": 1,
            "mixed_instances_policy": [],
            "name": "sampleApp_asg_staging",
            "name_prefix": "",
            "placement_group": "",
            "protect_from_scale_in": false,
            "service_linked_role_arn": "arn:aws:iam::733971523228:role/aws-service-role/autoscaling.amazonaws.com/AWSServiceRoleForAutoScaling",
            "suspended_processes": [],
            "tag": [],
            "tags": [
              {
                "key": "Environment",
                "propagate_at_launch": "true",
                "value": "My SampleApp_staging"
              },
              {
                "key": "Name",
                "propagate_at_launch": "true",
                "value": "My SampleApp_staging"
              }
            ],
            "target_group_arns": [
              "arn:aws:elasticloadbalancing:eu-west-2:733971523228:targetgroup/sampleApp-http-tg-staging/bfe71aac5777c8e1"
            ],
            "termination_policies": [],
            "timeouts": null,
            "vpc_zone_identifier": [
              "subnet-0d91e8e4a3266b3ed"
            ],
            "wait_for_capacity_timeout": "10m",
            "wait_for_elb_capacity": null,
            "warm_pool": []
          },
          "sensitive_attributes": [],
          "private": "eyJlMmJmYjczMC1lY2FhLTExZTYtOGY4OC0zNDM2M2JjN2M0YzAiOnsiZGVsZXRlIjo2MDAwMDAwMDAwMDB9fQ==",
          "dependencies": [
            "module.autoscaling_module.aws_launch_configuration.sampleApp_lc",
            "module.loadbalancer_module.aws_lb_target_group.sampleApp_http_tg",
            "module.network_module.aws_security_group.privateSG",
            "module.network_module.aws_security_group.publicSG"
          ]
        }
      ]
    },
    {
      "module": "module.autoscaling_module",
      "mode": "managed",
      "type": "aws_launch_configuration",
      "name": "sampleApp_lc",
      "provider": "provider[\"registry.terraform.io/hashicorp/aws\"]",
      "instances": [
        {
          "schema_version": 0,
          "attributes": {
            "arn": "arn:aws:autoscaling:eu-west-2:733971523228:launchConfiguration:b3b30abf-fee7-4e44-890f-c70568b7a700:launchConfigurationName/sample_lc_staging",
            "associate_public_ip_address": false,
            "ebs_block_device": [],
            "ebs_optimized": false,
            "enable_monitoring": true,
            "ephemeral_block_device": [],
            "iam_instance_profile": "",
            "id": "sample_lc_staging",
            "image_id": "ami-0dd555eb7eb3b7c82",
            "instance_type": "t2.micro",
            "key_name": "aws_project_terraform_staging_kp",
            "metadata_options": [],
            "name": "sample_lc_staging",
            "name_prefix": "",
            "placement_tenancy": null,
            "root_block_device": [],
            "security_groups": [
              "sg-071f44bc9eeca3bd9"
            ],
            "spot_price": "",
            "user_data": "6e8117f1b87bd5aaf12f6bdff0c83db21f957dd2",
            "user_data_base64": null,
            "vpc_classic_link_id": "",
            "vpc_classic_link_security_groups": []
          },
          "sensitive_attributes": [],
          "private": "bnVsbA==",
          "dependencies": [
            "module.network_module.aws_security_group.privateSG",
            "module.network_module.aws_security_group.publicSG"
          ]
        }
      ]
    },
    {
      "module": "module.loadbalancer_module",
      "mode": "managed",
      "type": "aws_lb",
      "name": "sampleApp_alb",
      "provider": "provider[\"registry.terraform.io/hashicorp/aws\"]",
      "instances": [
        {
          "schema_version": 0,
          "attributes": {
            "access_logs": [
              {
                "bucket": "",
                "enabled": false,
                "prefix": ""
              }
            ],
            "arn": "arn:aws:elasticloadbalancing:eu-west-2:733971523228:loadbalancer/app/sampleApp-alb-staging/200c2c9e146ad246",
            "arn_suffix": "app/sampleApp-alb-staging/200c2c9e146ad246",
            "customer_owned_ipv4_pool": "",
            "desync_mitigation_mode": "defensive",
            "dns_name": "sampleApp-alb-staging-999258829.eu-west-2.elb.amazonaws.com",
            "drop_invalid_header_fields": false,
            "enable_cross_zone_load_balancing": null,
            "enable_deletion_protection": true,
            "enable_http2": true,
            "enable_waf_fail_open": false,
            "id": "arn:aws:elasticloadbalancing:eu-west-2:733971523228:loadbalancer/app/sampleApp-alb-staging/200c2c9e146ad246",
            "idle_timeout": 60,
            "internal": false,
            "ip_address_type": "ipv4",
            "load_balancer_type": "application",
            "name": "sampleApp-alb-staging",
            "name_prefix": null,
            "security_groups": [
              "sg-0dc8254966b894010"
            ],
            "subnet_mapping": [
              {
                "allocation_id": "",
                "ipv6_address": "",
                "outpost_id": "",
                "private_ipv4_address": "",
                "subnet_id": "subnet-010a5807ab48043d4"
              },
              {
                "allocation_id": "",
                "ipv6_address": "",
                "outpost_id": "",
                "private_ipv4_address": "",
                "subnet_id": "subnet-0d91e8e4a3266b3ed"
              }
            ],
            "subnets": [
              "subnet-010a5807ab48043d4",
              "subnet-0d91e8e4a3266b3ed"
            ],
            "tags": {
              "Environment": "staging"
            },
            "tags_all": {
              "Environment": "staging"
            },
            "timeouts": null,
            "vpc_id": "vpc-0859c445d93fc9895",
            "zone_id": "ZHURV8PSTC4K8"
          },
          "sensitive_attributes": [],
          "private": "eyJlMmJmYjczMC1lY2FhLTExZTYtOGY4OC0zNDM2M2JjN2M0YzAiOnsiY3JlYXRlIjo2MDAwMDAwMDAwMDAsImRlbGV0ZSI6NjAwMDAwMDAwMDAwLCJ1cGRhdGUiOjYwMDAwMDAwMDAwMH19",
          "dependencies": [
            "module.network_module.aws_security_group.publicSG"
          ]
        }
      ]
    },
    {
      "module": "module.loadbalancer_module",
      "mode": "managed",
      "type": "aws_lb_listener",
      "name": "http_listener_80",
      "provider": "provider[\"registry.terraform.io/hashicorp/aws\"]",
      "instances": [
        {
          "schema_version": 0,
          "attributes": {
            "alpn_policy": null,
            "arn": "arn:aws:elasticloadbalancing:eu-west-2:733971523228:listener/app/sampleApp-alb-staging/200c2c9e146ad246/ed57782b5d012560",
            "certificate_arn": null,
            "default_action": [
              {
                "authenticate_cognito": [],
                "authenticate_oidc": [],
                "fixed_response": [],
                "forward": [],
                "order": 1,
                "redirect": [],
                "target_group_arn": "arn:aws:elasticloadbalancing:eu-west-2:733971523228:targetgroup/sampleApp-http-tg-staging/bfe71aac5777c8e1",
                "type": "forward"
              }
            ],
            "id": "arn:aws:elasticloadbalancing:eu-west-2:733971523228:listener/app/sampleApp-alb-staging/200c2c9e146ad246/ed57782b5d012560",
            "load_balancer_arn": "arn:aws:elasticloadbalancing:eu-west-2:733971523228:loadbalancer/app/sampleApp-alb-staging/200c2c9e146ad246",
            "port": 80,
            "protocol": "HTTP",
            "ssl_policy": "",
            "tags": {},
            "tags_all": {},
            "timeouts": null
          },
          "sensitive_attributes": [],
          "private": "eyJlMmJmYjczMC1lY2FhLTExZTYtOGY4OC0zNDM2M2JjN2M0YzAiOnsicmVhZCI6NjAwMDAwMDAwMDAwfX0=",
          "dependencies": [
            "module.loadbalancer_module.aws_lb.sampleApp_alb",
            "module.loadbalancer_module.aws_lb_target_group.sampleApp_http_tg",
            "module.network_module.aws_security_group.publicSG"
          ]
        }
      ]
    },
    {
      "module": "module.loadbalancer_module",
      "mode": "managed",
      "type": "aws_lb_target_group",
      "name": "sampleApp_http_tg",
      "provider": "provider[\"registry.terraform.io/hashicorp/aws\"]",
      "instances": [
        {
          "schema_version": 0,
          "attributes": {
            "arn": "arn:aws:elasticloadbalancing:eu-west-2:733971523228:targetgroup/sampleApp-http-tg-staging/bfe71aac5777c8e1",
            "arn_suffix": "targetgroup/sampleApp-http-tg-staging/bfe71aac5777c8e1",
            "connection_termination": false,
            "deregistration_delay": "300",
            "health_check": [
              {
                "enabled": true,
                "healthy_threshold": 2,
                "interval": 5,
                "matcher": "200",
                "path": "/icons/apache2_pb2.gif",
                "port": "traffic-port",
                "protocol": "HTTP",
                "timeout": 4,
                "unhealthy_threshold": 10
              }
            ],
            "id": "arn:aws:elasticloadbalancing:eu-west-2:733971523228:targetgroup/sampleApp-http-tg-staging/bfe71aac5777c8e1",
            "lambda_multi_value_headers_enabled": false,
            "load_balancing_algorithm_type": "round_robin",
            "name": "sampleApp-http-tg-staging",
            "name_prefix": null,
            "port": 80,
            "preserve_client_ip": null,
            "protocol": "HTTP",
            "protocol_version": "HTTP1",
            "proxy_protocol_v2": false,
            "slow_start": 0,
            "stickiness": [
              {
                "cookie_duration": 86400,
                "cookie_name": "",
                "enabled": false,
                "type": "lb_cookie"
              }
            ],
            "tags": {},
            "tags_all": {},
            "target_type": "instance",
            "vpc_id": "vpc-0859c445d93fc9895"
          },
          "sensitive_attributes": [],
          "private": "bnVsbA=="
        }
      ]
    },
    {
      "module": "module.network_module",
      "mode": "managed",
      "type": "aws_security_group",
      "name": "privateSG",
      "provider": "provider[\"registry.terraform.io/hashicorp/aws\"]",
      "instances": [
        {
          "schema_version": 1,
          "attributes": {
            "arn": "arn:aws:ec2:eu-west-2:733971523228:security-group/sg-071f44bc9eeca3bd9",
            "description": "Private Security Group for EC2 in staging",
            "egress": [
              {
                "cidr_blocks": [
                  "0.0.0.0/0"
                ],
                "description": "",
                "from_port": 80,
                "ipv6_cidr_blocks": [],
                "prefix_list_ids": [],
                "protocol": "tcp",
                "security_groups": [],
                "self": false,
                "to_port": 80
              }
            ],
            "id": "sg-071f44bc9eeca3bd9",
            "ingress": [
              {
                "cidr_blocks": [],
                "description": null,
                "from_port": 80,
                "ipv6_cidr_blocks": [],
                "prefix_list_ids": [],
                "protocol": "tcp",
                "security_groups": [
                  "sg-0dc8254966b894010"
                ],
                "self": false,
                "to_port": 80
              }
            ],
            "name": "privateSG_staging",
            "name_prefix": "",
            "owner_id": "733971523228",
            "revoke_rules_on_delete": false,
            "tags": {},
            "tags_all": {},
            "timeouts": null,
            "vpc_id": "vpc-0859c445d93fc9895"
          },
          "sensitive_attributes": [],
          "private": "eyJlMmJmYjczMC1lY2FhLTExZTYtOGY4OC0zNDM2M2JjN2M0YzAiOnsiY3JlYXRlIjo2MDAwMDAwMDAwMDAsImRlbGV0ZSI6OTAwMDAwMDAwMDAwfSwic2NoZW1hX3ZlcnNpb24iOiIxIn0=",
          "dependencies": [
            "module.network_module.aws_security_group.publicSG"
          ]
        }
      ]
    },
    {
      "module": "module.network_module",
      "mode": "managed",
      "type": "aws_security_group",
      "name": "publicSG",
      "provider": "provider[\"registry.terraform.io/hashicorp/aws\"]",
      "instances": [
        {
          "schema_version": 1,
          "attributes": {
            "arn": "arn:aws:ec2:eu-west-2:733971523228:security-group/sg-0dc8254966b894010",
            "description": "Public Security Group for ELB in staging",
            "egress": [
              {
                "cidr_blocks": [
                  "0.0.0.0/0"
                ],
                "description": "",
                "from_port": 80,
                "ipv6_cidr_blocks": [],
                "prefix_list_ids": [],
                "protocol": "tcp",
                "security_groups": [],
                "self": false,
                "to_port": 80
              }
            ],
            "id": "sg-0dc8254966b894010",
            "ingress": [
              {
                "cidr_blocks": [
                  "0.0.0.0/0"
                ],
                "description": "",
                "from_port": 80,
                "ipv6_cidr_blocks": [],
                "prefix_list_ids": [],
                "protocol": "tcp",
                "security_groups": [],
                "self": false,
                "to_port": 80
              }
            ],
            "name": "publicSG_staging",
            "name_prefix": "",
            "owner_id": "733971523228",
            "revoke_rules_on_delete": false,
            "tags": {},
            "tags_all": {},
            "timeouts": null,
            "vpc_id": "vpc-0859c445d93fc9895"
          },
          "sensitive_attributes": [],
          "private": "eyJlMmJmYjczMC1lY2FhLTExZTYtOGY4OC0zNDM2M2JjN2M0YzAiOnsiY3JlYXRlIjo2MDAwMDAwMDAwMDAsImRlbGV0ZSI6OTAwMDAwMDAwMDAwfSwic2NoZW1hX3ZlcnNpb24iOiIxIn0="
        }
      ]
    }
  ]
}
